
Microsoft Visual Studio Solution File, Format Version 12.00
# Visual Studio Version 17
VisualStudioVersion = 17.9.34728.123
MinimumVisualStudioVersion = 10.0.40219.1
Project("{FAE04EC0-301F-11D3-BF4B-00C04F79EFBC}") = "TestGame2", "TestGame2\TestGame2.csproj", "{C039E6D3-F960-4652-88F4-6062BA56513C}"
EndProject
Global
	GlobalSection(SolutionConfigurationPlatforms) = preSolution
		Debug|Any CPU = Debug|Any CPU
		Release|Any CPU = Release|Any CPU
	EndGlobalSection
	GlobalSection(ProjectConfigurationPlatforms) = postSolution
		{C039E6D3-F960-4652-88F4-6062BA56513C}.Debug|Any CPU.ActiveCfg = Debug|Any CPU
		{C039E6D3-F960-4652-88F4-6062BA56513C}.Debug|Any CPU.Build.0 = Debug|Any CPU
		{C039E6D3-F960-4652-88F4-6062BA56513C}.Release|Any CPU.ActiveCfg = Release|Any CPU
		{C039E6D3-F960-4652-88F4-6062BA56513C}.Release|Any CPU.Build.0 = Release|Any CPU
	EndGlobalSection
	GlobalSection(SolutionProperties) = preSolution
		HideSolutionNode = FALSE
	EndGlobalSection
	GlobalSection(ExtensibilityGlobals) = postSolution
		SolutionGuid = {983AE5A0-E0B4-4157-BD4D-8589A13F07E9}
	EndGlobalSection
EndGlobal
